github.com/aws/aws-sdk-go-v2 v1.38.0 h1:UCRQ5mlqcFk9HJDIqENSLR3wiG1VTWlyUfLDEvY7RxU=
github.com/aws/aws-sdk-go-v2 v1.38.0/go.mod h1:9Q0OoGQoboYIAJyslFyF1f5K1Ryddop8gqMhWx/n4Wg=
github.com/aws/aws-sdk-go-v2/aws/protocol/eventstream v1.7.0 h1:6GMWV6CNpA/6fbFHnoAjrv4+LGfyTqZz2LtCHnspgDg=
github.com/aws/aws-sdk-go-v2/aws/protocol/eventstream v1.7.0/go.mod h1:/mXlTIVG9jbxkqDnr5UQNQxW1HRYxeGklkM9vAFeabg=
github.com/aws/aws-sdk-go-v2/config v1.30.3 h1:utupeVnE3bmB221W08P0Moz1lDI3OwYa2fBtUhl7TCc=
github.com/aws/aws-sdk-go-v2/config v1.30.3/go.mod h1:NDGwOEBdpyZwLPlQkpKIO7frf18BW8PaCmAM9iUxQmI=
github.com/aws/aws-sdk-go-v2/credentials v1.18.3 h1:ptfyXmv+ooxzFwyuBth0yqABcjVIkjDL0iTYZBSbum8=
github.com/aws/aws-sdk-go-v2/credentials v1.18.3/go.mod h1:Q43Nci++Wohb0qUh4m54sNln0dbxJw8PvQWkrwOkGOI=
github.com/aws/aws-sdk-go-v2/feature/ec2/imds v1.18.2 h1:nRniHAvjFJGUCl04F3WaAj7qp/rcz5Gi1OVoj5ErBkc=
github.com/aws/aws-sdk-go-v2/feature/ec2/imds v1.18.2/go.mod h1:eJDFKAMHHUvv4a0Zfa7bQb//wFNUXGrbFpYRCHe2kD0=
github.com/aws/aws-sdk-go-v2/internal/configsources v1.4.3 h1:o9RnO+YZ4X+kt5Z7Nvcishlz0nksIt2PIzDglLMP0vA=
github.com/aws/aws-sdk-go-v2/internal/configsources v1.4.3/go.mod h1:+6aLJzOG1fvMOyzIySYjOFjcguGvVRL68R+uoRencN4=
github.com/aws/aws-sdk-go-v2/internal/endpoints/v2 v2.7.3 h1:joyyUFhiTQQmVK6ImzNU9TQSNRNeD9kOklqTzyk5v6s=
github.com/aws/aws-sdk-go-v2/internal/endpoints/v2 v2.7.3/go.mod h1:+vNIyZQP3b3B1tSLI0lxvrU9cfM7gpdRXMFfm67ZcPc=
github.com/aws/aws-sdk-go-v2/internal/ini v1.8.3 h1:bIqFDwgGXXN1Kpp99pDOdKMTTb5d2KyU5X/BZxjOkRo=
github.com/aws/aws-sdk-go-v2/internal/ini v1.8.3/go.mod h1:H5O/EsxDWyU+LP/V8i5sm8cxoZgc2fdNR9bxlOFrQTo=
github.com/aws/aws-sdk-go-v2/internal/v4a v1.4.3 h1:ZV2XK2L3HBq9sCKQiQ/MdhZJppH/rH0vddEAamsHUIs=
github.com/aws/aws-sdk-go-v2/internal/v4a v1.4.3/go.mod h1:b9F9tk2HdHpbf3xbN7rUZcfmJI26N6NcJu/8OsBFI/0=
github.com/aws/aws-sdk-go-v2/service/acm v1.30.4 h1:HEIGA/t7XUc2p4WXr1/Y7qcXQlq0CfhoduK1krAHJKY=
github.com/aws/aws-sdk-go-v2/service/acm v1.30.4/go.mod h1:Fo90MZbAao/owZjAKO1dhazUlf2EFovI7bxOmoUFqoY=
github.com/aws/aws-sdk-go-v2/service/cloudfront v1.52.0 h1:rJcbtmScByQ6NBIXV97m6e8Rasd0zgvt1z84pdddU/4=
github.com/aws/aws-sdk-go-v2/service/cloudfront v1.52.0/go.mod h1:qTc2+9g3YGM5d/u+c4tmHun6vmEKwBjJ7rEM6N3qGVI=
github.com/aws/aws-sdk-go-v2/service/internal/accept-encoding v1.13.0 h1:6+lZi2JeGKtCraAj1rpoZfKqnQ9SptseRZioejfUOLM=
github.com/aws/aws-sdk-go-v2/service/internal/accept-encoding v1.13.0/go.mod h1:eb3gfbVIxIoGgJsi9pGne19dhCBpK6opTYpQqAmdy44=
github.com/aws/aws-sdk-go-v2/service/internal/checksum v1.8.3 h1:3ZKmesYBaFX33czDl6mbrcHb6jeheg6LqjJhQdefhsY=
github.com/aws/aws-sdk-go-v2/service/internal/checksum v1.8.3/go.mod h1:7ryVb78GLCnjq7cw45N6oUb9REl7/vNUwjvIqC5UgdY=
github.com/aws/aws-sdk-go-v2/service/internal/presigned-url v1.13.3 h1:ieRzyHXypu5ByllM7Sp4hC5f/1Fy5wqxqY0yB85hC7s=
github.com/aws/aws-sdk-go-v2/service/internal/presigned-url v1.13.3/go.mod h1:O5ROz8jHiOAKAwx179v+7sHMhfobFVi6nZt8DEyiYoM=
github.com/aws/aws-sdk-go-v2/service/internal/s3shared v1.19.3 h1:SE/e52dq9a05RuxzLcjT+S5ZpQobj3ie3UTaSf2NnZc=
github.com/aws/aws-sdk-go-v2/service/internal/s3shared v1.19.3/go.mod h1:zkpvBTsR020VVr8TOrwK2TrUW9pOir28sH5ECHpnAfo=
github.com/aws/aws-sdk-go-v2/service/route53 v1.55.0 h1:uWgREKbrY/+EYuU9u4llSkbsIKLSEPriOSHmLCK3GAY=
github.com/aws/aws-sdk-go-v2/service/route53 v1.55.0/go.mod h1:6G0V3ndXAxeBFSDbUEZ3VTZgmL/9yoIuWM3s3AAV97E=
github.com/aws/aws-sdk-go-v2/service/s3 v1.87.0 h1:egoDf+Geuuntmw79Mz6mk9gGmELCPzg5PFEABOHB+6Y=
github.com/aws/aws-sdk-go-v2/service/s3 v1.87.0/go.mod h1:t9MDi29H+HDbkolTSQtbI0HP9DemAWQzUjmWC7LGMnE=
github.com/aws/aws-sdk-go-v2/service/sso v1.27.0 h1:j7/jTOjWeJDolPwZ/J4yZ7dUsxsWZEsxNwH5O7F8eEA=
github.com/aws/aws-sdk-go-v2/service/sso v1.27.0/go.mod h1:M0xdEPQtgpNT7kdAX4/vOAPkFj60hSQRb7TvW9B0iug=
github.com/aws/aws-sdk-go-v2/service/ssooidc v1.32.0 h1:ywQF2N4VjqX+Psw+jLjMmUL2g1RDHlvri3NxHA08MGI=
github.com/aws/aws-sdk-go-v2/service/ssooidc v1.32.0/go.mod h1:Z+qv5Q6b7sWiclvbJyPSOT1BRVU9wfSUPaqQzZ1Xg3E=
github.com/aws/aws-sdk-go-v2/service/sts v1.36.0 h1:bRP/a9llXSSgDPk7Rqn5GD/DQCGo6uk95plBFKoXt2M=
github.com/aws/aws-sdk-go-v2/service/sts v1.36.0/go.mod h1:tgBsFzxwl65BWkuJ/x2EUs59bD4SfYKgikvFDJi1S58=
github.com/aws/smithy-go v1.22.5 h1:P9ATCXPMb2mPjYBgueqJNCA5S9UfktsW0tTxi+a7eqw=
github.com/aws/smithy-go v1.22.5/go.mod h1:t1ufH5HMublsJYulve2RKmHDC15xu1f26kHCp/HgceI=
github.com/davecgh/go-spew v1.1.0 h1:ZDRjVQ15GmhC3fiQ8ni8+OwkZQO4DARzQgrnXU1Liz8=
github.com/davecgh/go-spew v1.1.0/go.mod h1:J7Y8YcW2NihsgmVo/mv3lAwl/skON4iLHjSsI+c5H38=
github.com/google/go-cmp v0.5.2/go.mod h1:v8dTdLbMG2kIc/vJvl+f65V22dbkXbowE6jgT/gNBxE=
github.com/google/go-cmp v0.7.0 h1:wk8382ETsv4JYUZwIsn6YpYiWiBsYLSJiTsyBybVuN8=
github.com/google/go-cmp v0.7.0/go.mod h1:pXiqmnSA92OHEEa9HXL2W4E7lf9JzCmGVUdgjX3N/iU=
github.com/google/go-github/v74 v74.0.0 h1:yZcddTUn8DPbj11GxnMrNiAnXH14gNs559AsUpNpPgM=
github.com/google/go-github/v74 v74.0.0/go.mod h1:ubn/YdyftV80VPSI26nSJvaEsTOnsjrxG3o9kJhcyak=
github.com/google/go-querystring v1.1.0 h1:AnCroh3fv4ZBgVIf1Iwtovgjaw/GiKJo8M8yD/fhyJ8=
github.com/google/go-querystring v1.1.0/go.mod h1:Kcdr2DB4koayq7X8pmAG4sNG59So17icRSOU623lUBU=
github.com/jmespath/go-jmespath v0.4.0 h1:BEgLn5cpjn8UN1mAw4NjwDrS35OdebyEtFe+9YPoQUg=
github.com/jmespath/go-jmespath v0.4.0/go.mod h1:T8mJZnbsbmF+m6zOOFylbeCJqk5+pHWvzYPziyZiYoo=
github.com/jmespath/go-jmespath/internal/testify v1.5.1 h1:shLQSRRSCCPj3f2gpwzGwWFoC7ycTf1rcQZHOlsJ6N8=
github.com/jmespath/go-jmespath/internal/testify v1.5.1/go.mod h1:L3OGu8Wl2/fWfCI6z80xFu9LTZmf1ZRjMHUOPmWr69U=
github.com/pmezard/go-difflib v1.0.0 h1:4DBwDE0NGyQoBHbLQYPwSUPoCMWR5BEzIk/f1lZbAQM=
github.com/pmezard/go-difflib v1.0.0/go.mod h1:iKH77koFhYxTK1pcRnkKkqfTogsbg7gZNVY4sRDYZ/4=
github.com/stretchr/objx v0.1.0/go.mod h1:HFkY916IF+rwdDfMAkV7OtwuqBVzrE8GR6GFx+wExME=
golang.org/x/oauth2 v0.30.0 h1:dnDm7JmhM45NNpd8FDDeLhK6FwqbOf4MLCM9zb1BOHI=
golang.org/x/oauth2 v0.30.0/go.mod h1:B++QgG3ZKulg6sRPGD/mqlHQs5rB3Ml9erfeDY7xKlU=
golang.org/x/xerrors v0.0.0-20191204190536-9bdfabe68543/go.mod h1:I/5z698sn9Ka8TeJc9MKroUUfqBBauWjQqLJ2OPfmY0=
gopkg.in/check.v1 v0.0.0-20161208181325-20d25e280405/go.mod h1:Co6ibVJAznAaIkqp8huTwlJQCZ016jof/cbN4VW5Yz0=
gopkg.in/yaml.v2 v2.2.8 h1:obN1ZagJSUGI0Ek/LBmuj4SNLPfIny3KsKFopxRdj10=
gopkg.in/yaml.v2 v2.2.8/go.mod h1:hI93XBmqTisBFMUTm0b8Fm+jr3Dg1NNxqwp+5A1VGuI=
